{
    "_readme": [
        "This file locks the dependencies of your project to a known state",
        "Read more about it at https://getcomposer.org/doc/01-basic-usage.md#composer-lock-the-lock-file",
        "This file is @generated automatically"
    ],
    "content-hash": "f21bc326ada72dc5b7e1972d2e33e5ad",
    "packages": [
        {
            "name": "mikehaertl/php-tmpfile",
            "version": "1.1.1",
            "source": {
                "type": "git",
                "url": "https://github.com/mikehaertl/php-tmpfile.git",
                "reference": "0ff48ed52ffee46d0f21fc34e8806f15467eb9b1"
            },
            "dist": {
                "type": "zip",
                "url": "https://api.github.com/repos/mikehaertl/php-tmpfile/zipball/0ff48ed52ffee46d0f21fc34e8806f15467eb9b1",
                "reference": "0ff48ed52ffee46d0f21fc34e8806f15467eb9b1",
                "shasum": ""
            },
            "type": "library",
            "autoload": {
                "psr-4": {
                    "mikehaertl\\tmp\\": "src/"
                }
            },
            "notification-url": "https://packagist.org/downloads/",
            "license": [
                "MIT"
            ],
            "authors": [
                {
                    "name": "Michael Härtl",
                    "email": "haertl.mike@gmail.com"
                }
            ],
            "description": "A convenience class for temporary files",
            "keywords": [
                "files"
            ],
            "time": "2017-08-28T11:21:51+00:00"
        },
        {
            "name": "symfony/yaml",
            "version": "v3.1.10",
            "source": {
                "type": "git",
                "url": "https://github.com/symfony/yaml.git",
                "reference": "752bc2a0dff0168742c92ec87261f7e09b7935fb"
            },
            "dist": {
                "type": "zip",
                "url": "https://api.github.com/repos/symfony/yaml/zipball/752bc2a0dff0168742c92ec87261f7e09b7935fb",
                "reference": "752bc2a0dff0168742c92ec87261f7e09b7935fb",
                "shasum": ""
            },
            "require": {
                "php": ">=5.5.9"
            },
            "type": "library",
            "extra": {
                "branch-alias": {
                    "dev-master": "3.1-dev"
                }
            },
            "autoload": {
                "psr-4": {
                    "Symfony\\Component\\Yaml\\": ""
                },
                "exclude-from-classmap": [
                    "/Tests/"
                ]
            },
            "notification-url": "https://packagist.org/downloads/",
            "license": [
                "MIT"
            ],
            "authors": [
                {
                    "name": "Fabien Potencier",
                    "email": "fabien@symfony.com"
                },
                {
                    "name": "Symfony Community",
                    "homepage": "https://symfony.com/contributors"
                }
            ],
            "description": "Symfony Yaml Component",
            "homepage": "https://symfony.com",
            "time": "2017-01-21T17:01:39+00:00"
        }
    ],
    "packages-dev": [],
    "aliases": [],
    "minimum-stability": "stable",
    "stability-flags": [],
    "prefer-stable": false,
    "prefer-lowest": false,
    "platform": [],
    "platform-dev": []
}
